
Microsoft Visual Studio Solution File, Format Version 12.00
# Visual Studio 15
Project("{FAE04EC0-301F-11D3-BF4B-00C04F79EFBC}") = "PhotonUnityNetworking.Utilities", "PhotonUnityNetworking.Utilities.csproj", "{B54829FA-1FAE-E2EA-282F-6EE1A1D24589}"
EndProject
Project("{FAE04EC0-301F-11D3-BF4B-00C04F79EFBC}") = "PhotonUnityNetworking", "PhotonUnityNetworking.csproj", "{D6567262-9029-46E3-A5BC-AFD4EB11837D}"
EndProject
Project("{FAE04EC0-301F-11D3-BF4B-00C04F79EFBC}") = "PhotonRealtime", "PhotonRealtime.csproj", "{352B2CC1-8480-6974-20AA-2DA648B3A8B7}"
EndProject
Project("{FAE04EC0-301F-11D3-BF4B-00C04F79EFBC}") = "Assembly-CSharp", "Assembly-CSharp.csproj", "{25AC2F6D-AA31-7B9A-9EFB-073D24B5DDE9}"
EndProject
Project("{FAE04EC0-301F-11D3-BF4B-00C04F79EFBC}") = "PhotonUnityNetworking.Editor", "PhotonUnityNetworking.Editor.csproj", "{97D14E9F-6246-F570-9C24-BC67F5861E92}"
EndProject
Project("{FAE04EC0-301F-11D3-BF4B-00C04F79EFBC}") = "PhotonUnityNetworking.Utilities.Culling.Editor", "PhotonUnityNetworking.Utilities.Culling.Editor.csproj", "{3869739E-A954-D9CB-F18A-E905DEECF4EC}"
EndProject
Project("{FAE04EC0-301F-11D3-BF4B-00C04F79EFBC}") = "PhotonUnityNetworking.Utilities.PhotonPlayer.Editor", "PhotonUnityNetworking.Utilities.PhotonPlayer.Editor.csproj", "{C34FD39C-5371-D550-6898-1C8361BB3CCE}"
EndProject
Global
	GlobalSection(SolutionConfigurationPlatforms) = preSolution
		Debug|Any CPU = Debug|Any CPU
		Release|Any CPU = Release|Any CPU
	EndGlobalSection
	GlobalSection(ProjectConfigurationPlatforms) = postSolution
		{B54829FA-1FAE-E2EA-282F-6EE1A1D24589}.Debug|Any CPU.ActiveCfg = Debug|Any CPU
		{B54829FA-1FAE-E2EA-282F-6EE1A1D24589}.Debug|Any CPU.Build.0 = Debug|Any CPU
		{B54829FA-1FAE-E2EA-282F-6EE1A1D24589}.Release|Any CPU.ActiveCfg = Release|Any CPU
		{B54829FA-1FAE-E2EA-282F-6EE1A1D24589}.Release|Any CPU.Build.0 = Release|Any CPU
		{D6567262-9029-46E3-A5BC-AFD4EB11837D}.Debug|Any CPU.ActiveCfg = Debug|Any CPU
		{D6567262-9029-46E3-A5BC-AFD4EB11837D}.Debug|Any CPU.Build.0 = Debug|Any CPU
		{D6567262-9029-46E3-A5BC-AFD4EB11837D}.Release|Any CPU.ActiveCfg = Release|Any CPU
		{D6567262-9029-46E3-A5BC-AFD4EB11837D}.Release|Any CPU.Build.0 = Release|Any CPU
		{352B2CC1-8480-6974-20AA-2DA648B3A8B7}.Debug|Any CPU.ActiveCfg = Debug|Any CPU
		{352B2CC1-8480-6974-20AA-2DA648B3A8B7}.Debug|Any CPU.Build.0 = Debug|Any CPU
		{352B2CC1-8480-6974-20AA-2DA648B3A8B7}.Release|Any CPU.ActiveCfg = Release|Any CPU
		{352B2CC1-8480-6974-20AA-2DA648B3A8B7}.Release|Any CPU.Build.0 = Release|Any CPU
		{25AC2F6D-AA31-7B9A-9EFB-073D24B5DDE9}.Debug|Any CPU.ActiveCfg = Debug|Any CPU
		{25AC2F6D-AA31-7B9A-9EFB-073D24B5DDE9}.Debug|Any CPU.Build.0 = Debug|Any CPU
		{25AC2F6D-AA31-7B9A-9EFB-073D24B5DDE9}.Release|Any CPU.ActiveCfg = Release|Any CPU
		{25AC2F6D-AA31-7B9A-9EFB-073D24B5DDE9}.Release|Any CPU.Build.0 = Release|Any CPU
		{97D14E9F-6246-F570-9C24-BC67F5861E92}.Debug|Any CPU.ActiveCfg = Debug|Any CPU
		{97D14E9F-6246-F570-9C24-BC67F5861E92}.Debug|Any CPU.Build.0 = Debug|Any CPU
		{97D14E9F-6246-F570-9C24-BC67F5861E92}.Release|Any CPU.ActiveCfg = Release|Any CPU
		{97D14E9F-6246-F570-9C24-BC67F5861E92}.Release|Any CPU.Build.0 = Release|Any CPU
		{3869739E-A954-D9CB-F18A-E905DEECF4EC}.Debug|Any CPU.ActiveCfg = Debug|Any CPU
		{3869739E-A954-D9CB-F18A-E905DEECF4EC}.Debug|Any CPU.Build.0 = Debug|Any CPU
		{3869739E-A954-D9CB-F18A-E905DEECF4EC}.Release|Any CPU.ActiveCfg = Release|Any CPU
		{3869739E-A954-D9CB-F18A-E905DEECF4EC}.Release|Any CPU.Build.0 = Release|Any CPU
		{C34FD39C-5371-D550-6898-1C8361BB3CCE}.Debug|Any CPU.ActiveCfg = Debug|Any CPU
		{C34FD39C-5371-D550-6898-1C8361BB3CCE}.Debug|Any CPU.Build.0 = Debug|Any CPU
		{C34FD39C-5371-D550-6898-1C8361BB3CCE}.Release|Any CPU.ActiveCfg = Release|Any CPU
		{C34FD39C-5371-D550-6898-1C8361BB3CCE}.Release|Any CPU.Build.0 = Release|Any CPU
	EndGlobalSection
	GlobalSection(SolutionProperties) = preSolution
		HideSolutionNode = FALSE
	EndGlobalSection
EndGlobal
